
Microsoft Visual Studio Solution File, Format Version 12.00
# Visual Studio 2012
Project("{2150E333-8FDC-42A3-9474-1A3956D46DE8}") = "Data", "Data", "{FACD9028-ADAF-4627-8F9A-57D3081CA9EB}"
EndProject
Project("{2150E333-8FDC-42A3-9474-1A3956D46DE8}") = "Entity", "Entity", "{7DC15447-4D66-4D1A-8D11-209B8030119B}"
EndProject
Project("{2150E333-8FDC-42A3-9474-1A3956D46DE8}") = "Repository", "Repository", "{DEAFCFF0-BFAE-44BD-BC83-5591884262C4}"
EndProject
Project("{2150E333-8FDC-42A3-9474-1A3956D46DE8}") = "Services", "Services", "{7D0E791C-CFBA-4CCC-A405-FBF16B895091}"
EndProject
Project("{FAE04EC0-301F-11D3-BF4B-00C04F79EFBC}") = "Repository", "Repository\Repository.csproj", "{FB081442-EF4C-4CD7-B123-82325E55A2F3}"
EndProject
Project("{FAE04EC0-301F-11D3-BF4B-00C04F79EFBC}") = "Services", "Services\Services.csproj", "{5F75D46F-3C5A-4D11-ABEE-1A0F9EF8EF5A}"
EndProject
Project("{FAE04EC0-301F-11D3-BF4B-00C04F79EFBC}") = "Data", "Data\Data.csproj", "{D407BFE0-C0B5-4716-BD75-A66FAD836E4F}"
EndProject
Project("{FAE04EC0-301F-11D3-BF4B-00C04F79EFBC}") = "Entity", "Entity\Entity.csproj", "{E85FD0C1-63F9-402B-BA8A-6A76EC3A5ADC}"
EndProject
Project("{2150E333-8FDC-42A3-9474-1A3956D46DE8}") = "Presentation", "Presentation", "{7118D49C-FFE7-46D1-A5F5-061AF0305D0C}"
EndProject
Project("{FAE04EC0-301F-11D3-BF4B-00C04F79EFBC}") = "BlogApp", "BlogApp\BlogApp.csproj", "{EE6649E0-EE4D-49F0-9D45-15888406F843}"
EndProject
Global
	GlobalSection(SolutionConfigurationPlatforms) = preSolution
		Debug|Any CPU = Debug|Any CPU
		Release|Any CPU = Release|Any CPU
	EndGlobalSection
	GlobalSection(ProjectConfigurationPlatforms) = postSolution
		{FB081442-EF4C-4CD7-B123-82325E55A2F3}.Debug|Any CPU.ActiveCfg = Debug|Any CPU
		{FB081442-EF4C-4CD7-B123-82325E55A2F3}.Debug|Any CPU.Build.0 = Debug|Any CPU
		{FB081442-EF4C-4CD7-B123-82325E55A2F3}.Release|Any CPU.ActiveCfg = Release|Any CPU
		{FB081442-EF4C-4CD7-B123-82325E55A2F3}.Release|Any CPU.Build.0 = Release|Any CPU
		{5F75D46F-3C5A-4D11-ABEE-1A0F9EF8EF5A}.Debug|Any CPU.ActiveCfg = Debug|Any CPU
		{5F75D46F-3C5A-4D11-ABEE-1A0F9EF8EF5A}.Debug|Any CPU.Build.0 = Debug|Any CPU
		{5F75D46F-3C5A-4D11-ABEE-1A0F9EF8EF5A}.Release|Any CPU.ActiveCfg = Release|Any CPU
		{5F75D46F-3C5A-4D11-ABEE-1A0F9EF8EF5A}.Release|Any CPU.Build.0 = Release|Any CPU
		{D407BFE0-C0B5-4716-BD75-A66FAD836E4F}.Debug|Any CPU.ActiveCfg = Debug|Any CPU
		{D407BFE0-C0B5-4716-BD75-A66FAD836E4F}.Debug|Any CPU.Build.0 = Debug|Any CPU
		{D407BFE0-C0B5-4716-BD75-A66FAD836E4F}.Release|Any CPU.ActiveCfg = Release|Any CPU
		{D407BFE0-C0B5-4716-BD75-A66FAD836E4F}.Release|Any CPU.Build.0 = Release|Any CPU
		{E85FD0C1-63F9-402B-BA8A-6A76EC3A5ADC}.Debug|Any CPU.ActiveCfg = Debug|Any CPU
		{E85FD0C1-63F9-402B-BA8A-6A76EC3A5ADC}.Debug|Any CPU.Build.0 = Debug|Any CPU
		{E85FD0C1-63F9-402B-BA8A-6A76EC3A5ADC}.Release|Any CPU.ActiveCfg = Release|Any CPU
		{E85FD0C1-63F9-402B-BA8A-6A76EC3A5ADC}.Release|Any CPU.Build.0 = Release|Any CPU
		{EE6649E0-EE4D-49F0-9D45-15888406F843}.Debug|Any CPU.ActiveCfg = Debug|Any CPU
		{EE6649E0-EE4D-49F0-9D45-15888406F843}.Debug|Any CPU.Build.0 = Debug|Any CPU
		{EE6649E0-EE4D-49F0-9D45-15888406F843}.Release|Any CPU.ActiveCfg = Release|Any CPU
		{EE6649E0-EE4D-49F0-9D45-15888406F843}.Release|Any CPU.Build.0 = Release|Any CPU
	EndGlobalSection
	GlobalSection(SolutionProperties) = preSolution
		HideSolutionNode = FALSE
	EndGlobalSection
	GlobalSection(NestedProjects) = preSolution
		{D407BFE0-C0B5-4716-BD75-A66FAD836E4F} = {FACD9028-ADAF-4627-8F9A-57D3081CA9EB}
		{E85FD0C1-63F9-402B-BA8A-6A76EC3A5ADC} = {7DC15447-4D66-4D1A-8D11-209B8030119B}
		{FB081442-EF4C-4CD7-B123-82325E55A2F3} = {DEAFCFF0-BFAE-44BD-BC83-5591884262C4}
		{5F75D46F-3C5A-4D11-ABEE-1A0F9EF8EF5A} = {7D0E791C-CFBA-4CCC-A405-FBF16B895091}
		{EE6649E0-EE4D-49F0-9D45-15888406F843} = {7118D49C-FFE7-46D1-A5F5-061AF0305D0C}
	EndGlobalSection
EndGlobal
